{
  "nodes": {
    "calculationModule_php": {
      "flake": false,
      "locked": {
        "lastModified": 1752214758,
        "narHash": "sha256-rnfljoOwYNyC7a6/xSy3Rwi3X6guM6Xdt9qc16ZVCJg=",
        "ref": "refs/heads/main",
        "rev": "71fb638f47d497033b63cb6e4d77e1b5aa9ce53c",
        "revCount": 12,
        "submodules": true,
        "type": "git",
        "url": "ssh://git@codeberg.org/GestionBudget/CppLayerPHP.git"
      },
      "original": {
        "submodules": true,
        "type": "git",
        "url": "ssh://git@codeberg.org/GestionBudget/CppLayerPHP.git"
      }
    },
    "firefox-addons": {
      "inputs": {
        "nixpkgs": [
          "nixpkgs"
        ]
      },
      "locked": {
        "dir": "pkgs/firefox-addons",
        "lastModified": 1752379414,
        "narHash": "sha256-0R3slhrjrnzyxR/fAYy5UliZvSgaVS38YCESBdH5RJw=",
        "owner": "rycee",
        "repo": "nur-expressions",
        "rev": "51e77bb95540b7dd6c60f8fd65a0c472a2c9c3b7",
        "type": "gitlab"
      },
      "original": {
        "dir": "pkgs/firefox-addons",
        "owner": "rycee",
        "repo": "nur-expressions",
        "type": "gitlab"
      }
    },
    "home-manager": {
      "inputs": {
        "nixpkgs": [
          "nixpkgs"
        ]
      },
      "locked": {
        "lastModified": 1752391422,
        "narHash": "sha256-ReX0NG6nIAEtQQjLqeu1vUU2jjZuMlpymNtb4VQYeus=",
        "owner": "nix-community",
        "repo": "home-manager",
        "rev": "c26266790678863cce8e7460fdbf0d80991b1906",
        "type": "github"
      },
      "original": {
        "owner": "nix-community",
        "ref": "release-25.05",
        "repo": "home-manager",
        "type": "github"
      }
    },
    "nixos-hardware": {
      "locked": {
        "lastModified": 1752048960,
        "narHash": "sha256-gATnkOe37eeVwKKYCsL+OnS2gU4MmLuZFzzWCtaKLI8=",
        "owner": "NixOS",
        "repo": "nixos-hardware",
        "rev": "7ced9122cff2163c6a0212b8d1ec8c33a1660806",
        "type": "github"
      },
      "original": {
        "owner": "NixOS",
        "repo": "nixos-hardware",
        "type": "github"
      }
    },
    "nixpkgs": {
      "locked": {
        "lastModified": 1752450379,
        "narHash": "sha256-ODL069n8aiLS0Us0Z862SpVzXd2iO+HZl76JysXY1sI=",
        "owner": "NixOS",
        "repo": "nixpkgs",
        "rev": "1e2574f4dc3ae37b711b11555e4ba4cfb17997b9",
        "type": "github"
      },
      "original": {
        "owner": "NixOS",
        "ref": "release-25.05",
        "repo": "nixpkgs",
        "type": "github"
      }
    },
    "nixpkgs-unstable": {
      "locked": {
        "lastModified": 1751984180,
        "narHash": "sha256-LwWRsENAZJKUdD3SpLluwDmdXY9F45ZEgCb0X+xgOL0=",
        "owner": "NixOS",
        "repo": "nixpkgs",
        "rev": "9807714d6944a957c2e036f84b0ff8caf9930bc0",
        "type": "github"
      },
      "original": {
        "owner": "NixOS",
        "ref": "nixos-unstable",
        "repo": "nixpkgs",
        "type": "github"
      }
    },
    "root": {
      "inputs": {
        "calculationModule_php": "calculationModule_php",
        "firefox-addons": "firefox-addons",
        "home-manager": "home-manager",
        "nixos-hardware": "nixos-hardware",
        "nixpkgs": "nixpkgs",
        "nixpkgs-unstable": "nixpkgs-unstable"
      }
    }
  },
  "root": "root",
  "version": 7
}
